Microsoft Visual Studio Solution File, Format Version 11.00
# Visual Studio 2008

Project("{6215CDB1-8B2C-C269-C878-2223DB5CD333}") = "KLOProjekti", "Assembly-CSharp.csproj", "{0ADBB4FA-AEB0-DCCE-7B5D-962155D3C68F}"
EndProject
Global
	GlobalSection(SolutionConfigurationPlatforms) = preSolution
		Debug|Any CPU = Debug|Any CPU
		Release|Any CPU = Release|Any CPU
	EndGlobalSection
	GlobalSection(ProjectConfigurationPlatforms) = postSolution
		{0ADBB4FA-AEB0-DCCE-7B5D-962155D3C68F}.Debug|Any CPU.ActiveCfg = Debug|Any CPU
		{0ADBB4FA-AEB0-DCCE-7B5D-962155D3C68F}.Debug|Any CPU.Build.0 = Debug|Any CPU
		{0ADBB4FA-AEB0-DCCE-7B5D-962155D3C68F}.Release|Any CPU.ActiveCfg = Release|Any CPU
		{0ADBB4FA-AEB0-DCCE-7B5D-962155D3C68F}.Release|Any CPU.Build.0 = Release|Any CPU
	EndGlobalSection
	GlobalSection(SolutionProperties) = preSolution
		HideSolutionNode = FALSE
	EndGlobalSection
	GlobalSection(MonoDevelopProperties) = preSolution
		StartupItem = Assembly-CSharp.csproj
	EndGlobalSection
EndGlobal
